
Microsoft Visual Studio Solution File, Format Version 12.00
# Visual Studio Version 16
VisualStudioVersion = 16.0.31613.86
MinimumVisualStudioVersion = 10.0.40219.1
Project("{FAE04EC0-301F-11D3-BF4B-00C04F79EFBC}") = "ProFak", "ProFak.csproj", "{A19C151A-F3C3-4F19-A81E-840D9F86404A}"
EndProject
Global
	GlobalSection(SolutionConfigurationPlatforms) = preSolution
		Debug|Any CPU = Debug|Any CPU
		Release|Any CPU = Release|Any CPU
	EndGlobalSection
	GlobalSection(ProjectConfigurationPlatforms) = postSolution
		{A19C151A-F3C3-4F19-A81E-840D9F86404A}.Debug|Any CPU.ActiveCfg = Debug|Any CPU
		{A19C151A-F3C3-4F19-A81E-840D9F86404A}.Debug|Any CPU.Build.0 = Debug|Any CPU
		{A19C151A-F3C3-4F19-A81E-840D9F86404A}.Release|Any CPU.ActiveCfg = Release|Any CPU
		{A19C151A-F3C3-4F19-A81E-840D9F86404A}.Release|Any CPU.Build.0 = Release|Any CPU
	EndGlobalSection
	GlobalSection(SolutionProperties) = preSolution
		HideSolutionNode = FALSE
	EndGlobalSection
	GlobalSection(ExtensibilityGlobals) = postSolution
		SolutionGuid = {F591A16C-C4EB-4D62-90D8-CC15B295C88B}
	EndGlobalSection
EndGlobal
